{
  "version": 4,
  "terraform_version": "1.11.3",
  "serial": 57,
  "lineage": "2419a158-7d67-26b8-deca-e46572bc33fd",
  "outputs": {},
  "resources": [
    {
      "mode": "data",
      "type": "archive_file",
      "name": "function_zip",
      "provider": "provider[\"registry.terraform.io/hashicorp/archive\"]",
      "instances": [
        {
          "schema_version": 0,
          "attributes": {
            "exclude_symlink_directories": null,
            "excludes": null,
            "id": "056d4248e8f4c6956559ef6efa57124fbe323807",
            "output_base64sha256": "oF7B1sA+cgQIDIRaMY1y5K57Ml6HD3eJlKP63IK53Ko=",
            "output_base64sha512": "fs5S9Te6pbusLjBGw/SX7QnDboc5F3kwlIIraX37fQMsxSUDGJqu4GTe4NrBPtc7nDOF3YwpLRt7o9LzgnqO8g==",
            "output_file_mode": null,
            "output_md5": "f4188865a568240f1db9a517b5db1ade",
            "output_path": "./function.zip",
            "output_sha": "056d4248e8f4c6956559ef6efa57124fbe323807",
            "output_sha256": "a05ec1d6c03e7204080c845a318d72e4ae7b325e870f778994a3fadc82b9dcaa",
            "output_sha512": "7ece52f537baa5bbac2e3046c3f497ed09c36e873917793094822b697dfb7d032cc52503189aaee064dee0dac13ed73b9c3385dd8c292d1b7ba3d2f3827a8ef2",
            "output_size": 2085,
            "source": [],
            "source_content": null,
            "source_content_filename": null,
            "source_dir": "./../function",
            "source_file": null,
            "type": "zip"
          },
          "sensitive_attributes": []
        }
      ]
    },
    {
      "mode": "data",
      "type": "google_storage_project_service_account",
      "name": "gcs_account",
      "provider": "provider[\"registry.terraform.io/hashicorp/google\"]",
      "instances": [
        {
          "schema_version": 0,
          "attributes": {
            "email_address": "service-797926948558@gs-project-accounts.iam.gserviceaccount.com",
            "id": "service-797926948558@gs-project-accounts.iam.gserviceaccount.com",
            "member": "serviceAccount:service-797926948558@gs-project-accounts.iam.gserviceaccount.com",
            "project": "ngt-file-processor",
            "user_project": null
          },
          "sensitive_attributes": []
        }
      ]
    },
    {
      "mode": "managed",
      "type": "google_cloud_run_service",
      "name": "file_api",
      "provider": "provider[\"registry.terraform.io/hashicorp/google\"]",
      "instances": [
        {
          "status": "tainted",
          "schema_version": 2,
          "attributes": {
            "autogenerate_revision_name": false,
            "id": "locations/us-central1/namespaces/ngt-file-processor/services/file-processor-api",
            "location": "us-central1",
            "metadata": null,
            "name": "file-processor-api",
            "project": "ngt-file-processor",
            "status": null,
            "template": [
              {
                "metadata": [],
                "spec": [
                  {
                    "container_concurrency": 0,
                    "containers": [
                      {
                        "args": null,
                        "command": null,
                        "env": [],
                        "env_from": [],
                        "image": "gcr.io/ngt-file-processor/file-processor-api:latest",
                        "liveness_probe": [],
                        "name": "",
                        "ports": [],
                        "resources": [],
                        "startup_probe": [
                          {
                            "failure_threshold": 3,
                            "grpc": [],
                            "http_get": [],
                            "initial_delay_seconds": 10,
                            "period_seconds": 60,
                            "tcp_socket": [
                              {
                                "port": 8080
                              }
                            ],
                            "timeout_seconds": 30
                          }
                        ],
                        "volume_mounts": [],
                        "working_dir": ""
                      }
                    ],
                    "node_selector": null,
                    "service_account_name": "cloud-run-service-account@ngt-file-processor.iam.gserviceaccount.com",
                    "serving_state": "",
                    "timeout_seconds": 0,
                    "volumes": []
                  }
                ]
              }
            ],
            "timeouts": null,
            "traffic": null
          },
          "sensitive_attributes": [],
          "private": "eyJlMmJmYjczMC1lY2FhLTExZTYtOGY4OC0zNDM2M2JjN2M0YzAiOnsiY3JlYXRlIjoxMjAwMDAwMDAwMDAwLCJkZWxldGUiOjEyMDAwMDAwMDAwMDAsInVwZGF0ZSI6MTIwMDAwMDAwMDAwMH0sInNjaGVtYV92ZXJzaW9uIjoiMiJ9",
          "dependencies": [
            "google_project_service.services",
            "google_service_account.cloud_run_sa"
          ]
        }
      ]
    },
    {
      "mode": "managed",
      "type": "google_cloudfunctions2_function",
      "name": "process_file_function",
      "provider": "provider[\"registry.terraform.io/hashicorp/google\"]",
      "instances": [
        {
          "status": "tainted",
          "schema_version": 0,
          "attributes": {
            "build_config": [
              {
                "automatic_update_policy": [],
                "build": "",
                "docker_repository": "",
                "entry_point": "process_file",
                "environment_variables": {},
                "on_deploy_update_policy": [],
                "runtime": "python310",
                "service_account": "",
                "source": [
                  {
                    "repo_source": [],
                    "storage_source": [
                      {
                        "bucket": "function-code-bucket-ngt-file-processor",
                        "generation": 0,
                        "object": "function-f4188865a568240f1db9a517b5db1ade.zip"
                      }
                    ]
                  }
                ],
                "worker_pool": ""
              }
            ],
            "description": "Function to process files uploaded to GCS",
            "effective_labels": {
              "goog-terraform-provisioned": "true"
            },
            "environment": null,
            "event_trigger": [
              {
                "event_filters": [
                  {
                    "attribute": "bucket",
                    "operator": "",
                    "value": "file-upload-bucket-ngt-file-processor"
                  }
                ],
                "event_type": "google.cloud.storage.object.v1.finalized",
                "pubsub_topic": "",
                "retry_policy": "",
                "service_account_email": "",
                "trigger": "",
                "trigger_region": "us-central1"
              }
            ],
            "id": "projects/ngt-file-processor/locations/us-central1/functions/file-processor-function",
            "kms_key_name": null,
            "labels": null,
            "location": "us-central1",
            "name": "file-processor-function",
            "project": "ngt-file-processor",
            "service_config": [
              {
                "all_traffic_on_latest_revision": true,
                "available_cpu": "",
                "available_memory": "256M",
                "binary_authorization_policy": "",
                "environment_variables": {},
                "gcf_uri": "",
                "ingress_settings": "ALLOW_ALL",
                "max_instance_count": 10,
                "max_instance_request_concurrency": 0,
                "min_instance_count": 0,
                "secret_environment_variables": [],
                "secret_volumes": [],
                "service": "",
                "service_account_email": "",
                "timeout_seconds": 60,
                "uri": "",
                "vpc_connector": "",
                "vpc_connector_egress_settings": ""
              }
            ],
            "state": null,
            "terraform_labels": {
              "goog-terraform-provisioned": "true"
            },
            "timeouts": null,
            "update_time": null,
            "url": null
          },
          "sensitive_attributes": [],
          "private": "eyJlMmJmYjczMC1lY2FhLTExZTYtOGY4OC0zNDM2M2JjN2M0YzAiOnsiY3JlYXRlIjozNjAwMDAwMDAwMDAwLCJkZWxldGUiOjM2MDAwMDAwMDAwMDAsInVwZGF0ZSI6MzYwMDAwMDAwMDAwMH19",
          "dependencies": [
            "data.archive_file.function_zip",
            "google_storage_bucket.file_upload_bucket",
            "google_storage_bucket.function_code",
            "google_storage_bucket_object.function_object"
          ]
        }
      ]
    },
    {
      "mode": "managed",
      "type": "google_project_iam_member",
      "name": "cloud_run_firestore_access",
      "provider": "provider[\"registry.terraform.io/hashicorp/google\"]",
      "instances": [
        {
          "schema_version": 0,
          "attributes": {
            "condition": [],
            "etag": "BwYyUf3Jjog=",
            "id": "ngt-file-processor/roles/datastore.user/serviceAccount:cloud-run-service-account@ngt-file-processor.iam.gserviceaccount.com",
            "member": "serviceAccount:cloud-run-service-account@ngt-file-processor.iam.gserviceaccount.com",
            "project": "ngt-file-processor",
            "role": "roles/datastore.user"
          },
          "sensitive_attributes": [],
          "private": "bnVsbA==",
          "dependencies": [
            "google_service_account.cloud_run_sa"
          ]
        }
      ]
    },
    {
      "mode": "managed",
      "type": "google_project_iam_member",
      "name": "cloud_run_registry_access",
      "provider": "provider[\"registry.terraform.io/hashicorp/google\"]",
      "instances": [
        {
          "schema_version": 0,
          "attributes": {
            "condition": [],
            "etag": "BwYyUdjXVzM=",
            "id": "ngt-file-processor/roles/storage.objectViewer/serviceAccount:cloud-run-service-account@ngt-file-processor.iam.gserviceaccount.com",
            "member": "serviceAccount:cloud-run-service-account@ngt-file-processor.iam.gserviceaccount.com",
            "project": "ngt-file-processor",
            "role": "roles/storage.objectViewer"
          },
          "sensitive_attributes": [],
          "private": "bnVsbA==",
          "dependencies": [
            "google_service_account.cloud_run_sa"
          ]
        }
      ]
    },
    {
      "mode": "managed",
      "type": "google_project_service",
      "name": "eventarc",
      "provider": "provider[\"registry.terraform.io/hashicorp/google\"]",
      "instances": [
        {
          "schema_version": 0,
          "attributes": {
            "disable_dependent_services": false,
            "disable_on_destroy": true,
            "id": "ngt-file-processor/eventarc.googleapis.com",
            "project": "ngt-file-processor",
            "service": "eventarc.googleapis.com",
            "timeouts": null
          },
          "sensitive_attributes": [],
          "private": "eyJlMmJmYjczMC1lY2FhLTExZTYtOGY4OC0zNDM2M2JjN2M0YzAiOnsiY3JlYXRlIjoxMjAwMDAwMDAwMDAwLCJkZWxldGUiOjEyMDAwMDAwMDAwMDAsInJlYWQiOjYwMDAwMDAwMDAwMCwidXBkYXRlIjoxMjAwMDAwMDAwMDAwfX0="
        }
      ]
    },
    {
      "mode": "managed",
      "type": "google_project_service",
      "name": "services",
      "provider": "provider[\"registry.terraform.io/hashicorp/google\"]",
      "instances": [
        {
          "index_key": "containerregistry.googleapis.com",
          "schema_version": 0,
          "attributes": {
            "disable_dependent_services": false,
            "disable_on_destroy": true,
            "id": "ngt-file-processor/containerregistry.googleapis.com",
            "project": "ngt-file-processor",
            "service": "containerregistry.googleapis.com",
            "timeouts": null
          },
          "sensitive_attributes": [],
          "private": "eyJlMmJmYjczMC1lY2FhLTExZTYtOGY4OC0zNDM2M2JjN2M0YzAiOnsiY3JlYXRlIjoxMjAwMDAwMDAwMDAwLCJkZWxldGUiOjEyMDAwMDAwMDAwMDAsInJlYWQiOjYwMDAwMDAwMDAwMCwidXBkYXRlIjoxMjAwMDAwMDAwMDAwfX0="
        },
        {
          "index_key": "run.googleapis.com",
          "schema_version": 0,
          "attributes": {
            "disable_dependent_services": false,
            "disable_on_destroy": true,
            "id": "ngt-file-processor/run.googleapis.com",
            "project": "ngt-file-processor",
            "service": "run.googleapis.com",
            "timeouts": null
          },
          "sensitive_attributes": [],
          "private": "eyJlMmJmYjczMC1lY2FhLTExZTYtOGY4OC0zNDM2M2JjN2M0YzAiOnsiY3JlYXRlIjoxMjAwMDAwMDAwMDAwLCJkZWxldGUiOjEyMDAwMDAwMDAwMDAsInJlYWQiOjYwMDAwMDAwMDAwMCwidXBkYXRlIjoxMjAwMDAwMDAwMDAwfX0="
        }
      ]
    },
    {
      "mode": "managed",
      "type": "google_service_account",
      "name": "cloud_run_sa",
      "provider": "provider[\"registry.terraform.io/hashicorp/google\"]",
      "instances": [
        {
          "schema_version": 0,
          "attributes": {
            "account_id": "cloud-run-service-account",
            "create_ignore_already_exists": null,
            "description": "",
            "disabled": false,
            "display_name": "Cloud Run Service Account",
            "email": "cloud-run-service-account@ngt-file-processor.iam.gserviceaccount.com",
            "id": "projects/ngt-file-processor/serviceAccounts/cloud-run-service-account@ngt-file-processor.iam.gserviceaccount.com",
            "member": "serviceAccount:cloud-run-service-account@ngt-file-processor.iam.gserviceaccount.com",
            "name": "projects/ngt-file-processor/serviceAccounts/cloud-run-service-account@ngt-file-processor.iam.gserviceaccount.com",
            "project": "ngt-file-processor",
            "timeouts": null,
            "unique_id": "110514925763069199139"
          },
          "sensitive_attributes": [],
          "private": "eyJlMmJmYjczMC1lY2FhLTExZTYtOGY4OC0zNDM2M2JjN2M0YzAiOnsiY3JlYXRlIjozMDAwMDAwMDAwMDB9fQ=="
        }
      ]
    },
    {
      "mode": "managed",
      "type": "google_storage_bucket",
      "name": "file_upload_bucket",
      "provider": "provider[\"registry.terraform.io/hashicorp/google\"]",
      "instances": [
        {
          "schema_version": 3,
          "attributes": {
            "autoclass": [],
            "cors": [],
            "custom_placement_config": [],
            "default_event_based_hold": false,
            "effective_labels": {
              "goog-terraform-provisioned": "true"
            },
            "enable_object_retention": false,
            "encryption": [],
            "force_destroy": true,
            "hierarchical_namespace": [
              {
                "enabled": false
              }
            ],
            "id": "file-upload-bucket-ngt-file-processor",
            "labels": {},
            "lifecycle_rule": [],
            "location": "US-CENTRAL1",
            "logging": [],
            "name": "file-upload-bucket-ngt-file-processor",
            "project": "ngt-file-processor",
            "project_number": 797926948558,
            "public_access_prevention": "inherited",
            "requester_pays": false,
            "retention_policy": [],
            "rpo": null,
            "self_link": "https://www.googleapis.com/storage/v1/b/file-upload-bucket-ngt-file-processor",
            "soft_delete_policy": [
              {
                "effective_time": "2025-04-08T15:36:42.298Z",
                "retention_duration_seconds": 604800
              }
            ],
            "storage_class": "STANDARD",
            "terraform_labels": {
              "goog-terraform-provisioned": "true"
            },
            "timeouts": null,
            "uniform_bucket_level_access": true,
            "url": "gs://file-upload-bucket-ngt-file-processor",
            "versioning": [],
            "website": []
          },
          "sensitive_attributes": [],
          "private": "eyJlMmJmYjczMC1lY2FhLTExZTYtOGY4OC0zNDM2M2JjN2M0YzAiOnsiY3JlYXRlIjo2MDAwMDAwMDAwMDAsInJlYWQiOjI0MDAwMDAwMDAwMCwidXBkYXRlIjoyNDAwMDAwMDAwMDB9LCJzY2hlbWFfdmVyc2lvbiI6IjMifQ=="
        }
      ]
    },
    {
      "mode": "managed",
      "type": "google_storage_bucket",
      "name": "function_code",
      "provider": "provider[\"registry.terraform.io/hashicorp/google\"]",
      "instances": [
        {
          "schema_version": 3,
          "attributes": {
            "autoclass": [],
            "cors": [],
            "custom_placement_config": [],
            "default_event_based_hold": false,
            "effective_labels": {
              "goog-terraform-provisioned": "true"
            },
            "enable_object_retention": false,
            "encryption": [],
            "force_destroy": false,
            "hierarchical_namespace": [
              {
                "enabled": false
              }
            ],
            "id": "function-code-bucket-ngt-file-processor",
            "labels": {},
            "lifecycle_rule": [],
            "location": "US-CENTRAL1",
            "logging": [],
            "name": "function-code-bucket-ngt-file-processor",
            "project": "ngt-file-processor",
            "project_number": 797926948558,
            "public_access_prevention": "inherited",
            "requester_pays": false,
            "retention_policy": [],
            "rpo": null,
            "self_link": "https://www.googleapis.com/storage/v1/b/function-code-bucket-ngt-file-processor",
            "soft_delete_policy": [
              {
                "effective_time": "2025-04-08T15:36:42.329Z",
                "retention_duration_seconds": 604800
              }
            ],
            "storage_class": "STANDARD",
            "terraform_labels": {
              "goog-terraform-provisioned": "true"
            },
            "timeouts": null,
            "uniform_bucket_level_access": false,
            "url": "gs://function-code-bucket-ngt-file-processor",
            "versioning": [],
            "website": []
          },
          "sensitive_attributes": [],
          "private": "eyJlMmJmYjczMC1lY2FhLTExZTYtOGY4OC0zNDM2M2JjN2M0YzAiOnsiY3JlYXRlIjo2MDAwMDAwMDAwMDAsInJlYWQiOjI0MDAwMDAwMDAwMCwidXBkYXRlIjoyNDAwMDAwMDAwMDB9LCJzY2hlbWFfdmVyc2lvbiI6IjMifQ=="
        }
      ]
    },
    {
      "mode": "managed",
      "type": "google_storage_bucket_iam_member",
      "name": "eventarc_storage_permission",
      "provider": "provider[\"registry.terraform.io/hashicorp/google\"]",
      "instances": [
        {
          "schema_version": 0,
          "attributes": {
            "bucket": "b/file-upload-bucket-ngt-file-processor",
            "condition": [],
            "etag": "CAI=",
            "id": "b/file-upload-bucket-ngt-file-processor/roles/storage.admin/serviceAccount:service-797926948558@gs-project-accounts.iam.gserviceaccount.com",
            "member": "serviceAccount:service-797926948558@gs-project-accounts.iam.gserviceaccount.com",
            "role": "roles/storage.admin"
          },
          "sensitive_attributes": [],
          "private": "bnVsbA==",
          "dependencies": [
            "data.google_storage_project_service_account.gcs_account",
            "google_storage_bucket.file_upload_bucket"
          ]
        }
      ]
    },
    {
      "mode": "managed",
      "type": "google_storage_bucket_object",
      "name": "function_object",
      "provider": "provider[\"registry.terraform.io/hashicorp/google\"]",
      "instances": [
        {
          "schema_version": 0,
          "attributes": {
            "bucket": "function-code-bucket-ngt-file-processor",
            "cache_control": "",
            "content": null,
            "content_disposition": "",
            "content_encoding": "",
            "content_language": "",
            "content_type": "application/zip",
            "crc32c": "XV79kQ==",
            "customer_encryption": [],
            "detect_md5hash": "9BiIZaVoJA8duaUXtdsa3g==",
            "event_based_hold": false,
            "generation": 1744126605321415,
            "id": "function-code-bucket-ngt-file-processor-function-f4188865a568240f1db9a517b5db1ade.zip",
            "kms_key_name": "",
            "md5hash": "9BiIZaVoJA8duaUXtdsa3g==",
            "media_link": "https://storage.googleapis.com/download/storage/v1/b/function-code-bucket-ngt-file-processor/o/function-f4188865a568240f1db9a517b5db1ade.zip?generation=1744126605321415\u0026alt=media",
            "metadata": {},
            "name": "function-f4188865a568240f1db9a517b5db1ade.zip",
            "output_name": "function-f4188865a568240f1db9a517b5db1ade.zip",
            "retention": [],
            "self_link": "https://www.googleapis.com/storage/v1/b/function-code-bucket-ngt-file-processor/o/function-f4188865a568240f1db9a517b5db1ade.zip",
            "source": "./function.zip",
            "storage_class": "STANDARD",
            "temporary_hold": false,
            "timeouts": null
          },
          "sensitive_attributes": [
            [
              {
                "type": "get_attr",
                "value": "content"
              }
            ]
          ],
          "private": "eyJlMmJmYjczMC1lY2FhLTExZTYtOGY4OC0zNDM2M2JjN2M0YzAiOnsiY3JlYXRlIjoyNDAwMDAwMDAwMDAsImRlbGV0ZSI6MjQwMDAwMDAwMDAwLCJ1cGRhdGUiOjI0MDAwMDAwMDAwMH19",
          "dependencies": [
            "data.archive_file.function_zip",
            "google_storage_bucket.function_code"
          ]
        }
      ]
    }
  ],
  "check_results": null
}
